
Microsoft Visual Studio Solution File, Format Version 12.00
# Visual Studio Version 16
VisualStudioVersion = 16.0.30907.101
MinimumVisualStudioVersion = 10.0.40219.1
Project("{FAE04EC0-301F-11D3-BF4B-00C04F79EFBC}") = "InsertNodeToLinkedList", "InsertNodeToLinkedList\InsertNodeToLinkedList.csproj", "{EDE2A192-7F1E-4860-927E-83C1F9D0EC86}"
EndProject
Global
	GlobalSection(SolutionConfigurationPlatforms) = preSolution
		Debug|Any CPU = Debug|Any CPU
		Release|Any CPU = Release|Any CPU
	EndGlobalSection
	GlobalSection(ProjectConfigurationPlatforms) = postSolution
		{EDE2A192-7F1E-4860-927E-83C1F9D0EC86}.Debug|Any CPU.ActiveCfg = Debug|Any CPU
		{EDE2A192-7F1E-4860-927E-83C1F9D0EC86}.Debug|Any CPU.Build.0 = Debug|Any CPU
		{EDE2A192-7F1E-4860-927E-83C1F9D0EC86}.Release|Any CPU.ActiveCfg = Release|Any CPU
		{EDE2A192-7F1E-4860-927E-83C1F9D0EC86}.Release|Any CPU.Build.0 = Release|Any CPU
	EndGlobalSection
	GlobalSection(SolutionProperties) = preSolution
		HideSolutionNode = FALSE
	EndGlobalSection
	GlobalSection(ExtensibilityGlobals) = postSolution
		SolutionGuid = {604ECF38-BB2A-455C-9076-361C43EA9ED0}
	EndGlobalSection
EndGlobal
